
Microsoft Visual Studio Solution File, Format Version 12.00
# Visual Studio 15
VisualStudioVersion = 15.0.27703.2042
MinimumVisualStudioVersion = 10.0.40219.1
Project("{F184B08F-C81C-45F6-A57F-5ABD9991F28F}") = "OGA.DA.Base", "OGA.DA.Base\OGA.DA.Base.vbproj", "{D2A726A8-9EE5-4F88-B2B8-94E5025DEA8C}"
EndProject
Project("{F184B08F-C81C-45F6-A57F-5ABD9991F28F}") = "OGA.BL.Base", "OGA.BL.Base\OGA.BL.Base.vbproj", "{B7734D46-3CCF-4941-9033-3B630E90C199}"
EndProject
Project("{F184B08F-C81C-45F6-A57F-5ABD9991F28F}") = "OGA.BL", "OGA.BL\OGA.BL.vbproj", "{11AEDF88-446D-483D-BCFF-C81D9E5D962D}"
EndProject
Project("{2150E333-8FDC-42A3-9474-1A3956D46DE8}") = "BL", "BL", "{149ACF44-6B66-4898-B039-38D8D9A40F4C}"
EndProject
Project("{2150E333-8FDC-42A3-9474-1A3956D46DE8}") = "DA", "DA", "{1A231174-9035-4154-B491-7CE57091B062}"
EndProject
Project("{2150E333-8FDC-42A3-9474-1A3956D46DE8}") = "UI", "UI", "{B19CDB5E-ECA9-4E8D-B011-D1AD7EA98D33}"
EndProject
Project("{F184B08F-C81C-45F6-A57F-5ABD9991F28F}") = "OGA.UI.Base", "OGA.UI.Base\OGA.UI.Base.vbproj", "{488254E2-E2D4-44FD-8006-E1C0923A81E6}"
EndProject
Project("{F184B08F-C81C-45F6-A57F-5ABD9991F28F}") = "OGA.DA", "OGA.DA\OGA.DA.vbproj", "{8F2110A5-3E7B-4B6E-9040-57096A3B0B1B}"
EndProject
Project("{F184B08F-C81C-45F6-A57F-5ABD9991F28F}") = "OGA.UI", "OGA.UI\OGA.UI.vbproj", "{DE655177-E7EE-4FEC-8F46-0215992E9C9B}"
EndProject
Global
	GlobalSection(SolutionConfigurationPlatforms) = preSolution
		Debug|Any CPU = Debug|Any CPU
		Release|Any CPU = Release|Any CPU
	EndGlobalSection
	GlobalSection(ProjectConfigurationPlatforms) = postSolution
		{D2A726A8-9EE5-4F88-B2B8-94E5025DEA8C}.Debug|Any CPU.ActiveCfg = Debug|Any CPU
		{D2A726A8-9EE5-4F88-B2B8-94E5025DEA8C}.Debug|Any CPU.Build.0 = Debug|Any CPU
		{D2A726A8-9EE5-4F88-B2B8-94E5025DEA8C}.Release|Any CPU.ActiveCfg = Release|Any CPU
		{D2A726A8-9EE5-4F88-B2B8-94E5025DEA8C}.Release|Any CPU.Build.0 = Release|Any CPU
		{B7734D46-3CCF-4941-9033-3B630E90C199}.Debug|Any CPU.ActiveCfg = Debug|Any CPU
		{B7734D46-3CCF-4941-9033-3B630E90C199}.Debug|Any CPU.Build.0 = Debug|Any CPU
		{B7734D46-3CCF-4941-9033-3B630E90C199}.Release|Any CPU.ActiveCfg = Release|Any CPU
		{B7734D46-3CCF-4941-9033-3B630E90C199}.Release|Any CPU.Build.0 = Release|Any CPU
		{11AEDF88-446D-483D-BCFF-C81D9E5D962D}.Debug|Any CPU.ActiveCfg = Debug|Any CPU
		{11AEDF88-446D-483D-BCFF-C81D9E5D962D}.Debug|Any CPU.Build.0 = Debug|Any CPU
		{11AEDF88-446D-483D-BCFF-C81D9E5D962D}.Release|Any CPU.ActiveCfg = Release|Any CPU
		{11AEDF88-446D-483D-BCFF-C81D9E5D962D}.Release|Any CPU.Build.0 = Release|Any CPU
		{488254E2-E2D4-44FD-8006-E1C0923A81E6}.Debug|Any CPU.ActiveCfg = Debug|Any CPU
		{488254E2-E2D4-44FD-8006-E1C0923A81E6}.Debug|Any CPU.Build.0 = Debug|Any CPU
		{488254E2-E2D4-44FD-8006-E1C0923A81E6}.Release|Any CPU.ActiveCfg = Release|Any CPU
		{488254E2-E2D4-44FD-8006-E1C0923A81E6}.Release|Any CPU.Build.0 = Release|Any CPU
		{8F2110A5-3E7B-4B6E-9040-57096A3B0B1B}.Debug|Any CPU.ActiveCfg = Debug|Any CPU
		{8F2110A5-3E7B-4B6E-9040-57096A3B0B1B}.Debug|Any CPU.Build.0 = Debug|Any CPU
		{8F2110A5-3E7B-4B6E-9040-57096A3B0B1B}.Release|Any CPU.ActiveCfg = Release|Any CPU
		{8F2110A5-3E7B-4B6E-9040-57096A3B0B1B}.Release|Any CPU.Build.0 = Release|Any CPU
		{DE655177-E7EE-4FEC-8F46-0215992E9C9B}.Debug|Any CPU.ActiveCfg = Debug|Any CPU
		{DE655177-E7EE-4FEC-8F46-0215992E9C9B}.Debug|Any CPU.Build.0 = Debug|Any CPU
		{DE655177-E7EE-4FEC-8F46-0215992E9C9B}.Release|Any CPU.ActiveCfg = Release|Any CPU
		{DE655177-E7EE-4FEC-8F46-0215992E9C9B}.Release|Any CPU.Build.0 = Release|Any CPU
	EndGlobalSection
	GlobalSection(SolutionProperties) = preSolution
		HideSolutionNode = FALSE
	EndGlobalSection
	GlobalSection(NestedProjects) = preSolution
		{D2A726A8-9EE5-4F88-B2B8-94E5025DEA8C} = {1A231174-9035-4154-B491-7CE57091B062}
		{B7734D46-3CCF-4941-9033-3B630E90C199} = {149ACF44-6B66-4898-B039-38D8D9A40F4C}
		{11AEDF88-446D-483D-BCFF-C81D9E5D962D} = {149ACF44-6B66-4898-B039-38D8D9A40F4C}
		{488254E2-E2D4-44FD-8006-E1C0923A81E6} = {B19CDB5E-ECA9-4E8D-B011-D1AD7EA98D33}
		{8F2110A5-3E7B-4B6E-9040-57096A3B0B1B} = {1A231174-9035-4154-B491-7CE57091B062}
		{DE655177-E7EE-4FEC-8F46-0215992E9C9B} = {B19CDB5E-ECA9-4E8D-B011-D1AD7EA98D33}
	EndGlobalSection
	GlobalSection(ExtensibilityGlobals) = postSolution
		SolutionGuid = {F88FADA4-7086-4BC3-8BD5-898ECA11D852}
	EndGlobalSection
EndGlobal
